{
  "name": "images-responsiver",
  "version": "1.7.0",
  "lockfileVersion": 1,
  "requires": true,
  "dependencies": {
    "@webreflection/interface": {
      "version": "0.1.1",
      "resolved": "https://registry.npmjs.org/@webreflection/interface/-/interface-0.1.1.tgz",
      "integrity": "sha1-ryqR2vOBeWVgcqb5Lp+SEWWPhWY="
    },
    "basichtml": {
      "version": "2.2.9",
      "resolved": "https://registry.npmjs.org/basichtml/-/basichtml-2.2.9.tgz",
      "integrity": "sha512-JalPFjMZRv2Fb0SmCmiStRga0R1wLxb+pBzQogqnXagjJ/Vn0OZl6W42+JZYT1m5sPBmaUejqmgdeH6Kr1PQMw==",
      "requires": {
        "@webreflection/interface": "^0.1.1",
        "broadcast": "^3.0.0",
        "html-escaper": "^3.0.0",
        "htmlparser2": "^4.1.0"
      },
      "dependencies": {
        "html-escaper": {
          "version": "3.0.0",
          "resolved": "https://registry.npmjs.org/html-escaper/-/html-escaper-3.0.0.tgz",
          "integrity": "sha512-69CofXDozHqdHDl1BZ3YiFp5rYN1qTwSXIVcBhVcZNkzj1vzx6Sko1nT58mzKip19DbKo8lHR9hf6/XeZ9+s3w=="
        }
      }
    },
    "broadcast": {
      "version": "3.0.0",
      "resolved": "https://registry.npmjs.org/broadcast/-/broadcast-3.0.0.tgz",
      "integrity": "sha512-q//26zihgUvAtvSBRD1xtk/9KBVNfiUrS8Phz8dN95Y5mqINO/gFT6181b4Yvhoeal3Aa9+rsFnKzA6a6UTHfg=="
    },
    "debug": {
      "version": "4.1.1",
      "resolved": "https://registry.npmjs.org/debug/-/debug-4.1.1.tgz",
      "integrity": "sha512-pYAIzeRo8J6KPEaJ0VWOh5Pzkbw/RetuzehGM7QRRX5he4fPHx2rdKMB256ehJCkX+XRQm16eZLqLNS8RSZXZw==",
      "requires": {
        "ms": "^2.1.1"
      }
    },
    "deepmerge": {
      "version": "4.2.2",
      "resolved": "https://registry.npmjs.org/deepmerge/-/deepmerge-4.2.2.tgz",
      "integrity": "sha512-FJ3UgI4gIl+PHZm53knsuSFpE+nESMr7M4v9QcgB7S63Kj/6WqMiFQJpBBYz1Pt+66bZpP3Q7Lye0Oo9MPKEdg=="
    },
    "dom-serializer": {
      "version": "1.0.1",
      "resolved": "https://registry.npmjs.org/dom-serializer/-/dom-serializer-1.0.1.tgz",
      "integrity": "sha512-1Aj1Qy3YLbdslkI75QEOfdp9TkQ3o8LRISAzxOibjBs/xWwr1WxZFOQphFkZuepHFGo+kB8e5FVJSS0faAJ4Rw==",
      "requires": {
        "domelementtype": "^2.0.1",
        "domhandler": "^3.0.0",
        "entities": "^2.0.0"
      }
    },
    "domelementtype": {
      "version": "2.0.1",
      "resolved": "https://registry.npmjs.org/domelementtype/-/domelementtype-2.0.1.tgz",
      "integrity": "sha512-5HOHUDsYZWV8FGWN0Njbr/Rn7f/eWSQi1v7+HsUVwXgn8nWWlL64zKDkS0n8ZmQ3mlWOMuXOnR+7Nx/5tMO5AQ=="
    },
    "domhandler": {
      "version": "3.0.0",
      "resolved": "https://registry.npmjs.org/domhandler/-/domhandler-3.0.0.tgz",
      "integrity": "sha512-eKLdI5v9m67kbXQbJSNn1zjh0SDzvzWVWtX+qEI3eMjZw8daH9k8rlj1FZY9memPwjiskQFbe7vHVVJIAqoEhw==",
      "requires": {
        "domelementtype": "^2.0.1"
      }
    },
    "domutils": {
      "version": "2.2.0",
      "resolved": "https://registry.npmjs.org/domutils/-/domutils-2.2.0.tgz",
      "integrity": "sha512-0haAxVr1PR0SqYwCH7mxMpHZUwjih9oPPedqpR/KufsnxPyZ9dyVw1R5093qnJF3WXSbjBkdzRWLw/knJV/fAg==",
      "requires": {
        "dom-serializer": "^1.0.1",
        "domelementtype": "^2.0.1",
        "domhandler": "^3.0.0"
      }
    },
    "entities": {
      "version": "2.0.3",
      "resolved": "https://registry.npmjs.org/entities/-/entities-2.0.3.tgz",
      "integrity": "sha512-MyoZ0jgnLvB2X3Lg5HqpFmn1kybDiIfEQmKzTb5apr51Rb+T3KdmMiqa70T+bhGnyv7bQ6WMj2QMHpGMmlrUYQ=="
    },
    "has-flag": {
      "version": "4.0.0",
      "resolved": "https://registry.npmjs.org/has-flag/-/has-flag-4.0.0.tgz",
      "integrity": "sha512-EykJT/Q1KjTWctppgIAgfSO0tKVuZUjhgMr17kqTumMl6Afv3EISleU7qZUzoXDFTAHTDC4NOoG/ZxU3EvlMPQ=="
    },
    "htmlparser2": {
      "version": "4.1.0",
      "resolved": "https://registry.npmjs.org/htmlparser2/-/htmlparser2-4.1.0.tgz",
      "integrity": "sha512-4zDq1a1zhE4gQso/c5LP1OtrhYTncXNSpvJYtWJBtXAETPlMfi3IFNjGuQbYLuVY4ZR0QMqRVvo4Pdy9KLyP8Q==",
      "requires": {
        "domelementtype": "^2.0.1",
        "domhandler": "^3.0.0",
        "domutils": "^2.0.0",
        "entities": "^2.0.0"
      }
    },
    "lodash.clonedeep": {
      "version": "4.5.0",
      "resolved": "https://registry.npmjs.org/lodash.clonedeep/-/lodash.clonedeep-4.5.0.tgz",
      "integrity": "sha1-4j8/nE+Pvd6HJSnBBxhXoIblzO8="
    },
    "ms": {
      "version": "2.1.2",
      "resolved": "https://registry.npmjs.org/ms/-/ms-2.1.2.tgz",
      "integrity": "sha512-sGkPx+VjMtmA6MX27oA4FBFELFCZZ4S4XqeGOXCv68tT+jb3vk/RyaKWP0PTKyWtmLSM0b+adUTEvbs1PEaH2w=="
    },
    "sizzle": {
      "version": "2.3.5",
      "resolved": "https://registry.npmjs.org/sizzle/-/sizzle-2.3.5.tgz",
      "integrity": "sha512-mncpQHS12IwzOpuMReKd2matojaS5M5Ofms96LUKOOg8S1M7jIh90OQyd2I6sBoHpxg/HoduOJNDTvRCmnm0YA=="
    },
    "supports-color": {
      "version": "7.2.0",
      "resolved": "https://registry.npmjs.org/supports-color/-/supports-color-7.2.0.tgz",
      "integrity": "sha512-qpCAvRl9stuOHveKsn7HncJRvv501qIacKzQlO/+Lwxc9+0q2wLyv4Dfvt80/DPn2pqOBsJdDiogXGR9+OvwRw==",
      "requires": {
        "has-flag": "^4.0.0"
      }
    }
  }
}
